
Microsoft Visual Studio Solution File, Format Version 12.00
# Visual Studio Version 17
VisualStudioVersion = 17.4.33205.214
MinimumVisualStudioVersion = 10.0.40219.1
Project("{FAE04EC0-301F-11D3-BF4B-00C04F79EFBC}") = "Shop", "Shop\Shop.csproj", "{DF3C75CA-9252-48DA-8786-BB0C88066E85}"
EndProject
Global
	GlobalSection(SolutionConfigurationPlatforms) = preSolution
		Debug|Any CPU = Debug|Any CPU
		Release|Any CPU = Release|Any CPU
	EndGlobalSection
	GlobalSection(ProjectConfigurationPlatforms) = postSolution
		{DF3C75CA-9252-48DA-8786-BB0C88066E85}.Debug|Any CPU.ActiveCfg = Debug|Any CPU
		{DF3C75CA-9252-48DA-8786-BB0C88066E85}.Debug|Any CPU.Build.0 = Debug|Any CPU
		{DF3C75CA-9252-48DA-8786-BB0C88066E85}.Release|Any CPU.ActiveCfg = Release|Any CPU
		{DF3C75CA-9252-48DA-8786-BB0C88066E85}.Release|Any CPU.Build.0 = Release|Any CPU
	EndGlobalSection
	GlobalSection(SolutionProperties) = preSolution
		HideSolutionNode = FALSE
	EndGlobalSection
	GlobalSection(ExtensibilityGlobals) = postSolution
		SolutionGuid = {B0D22DAE-6880-41E2-9D02-A510FF440BC8}
	EndGlobalSection
EndGlobal
